
Microsoft Visual Studio Solution File, Format Version 12.00
# Visual Studio Version 17
VisualStudioVersion = 17.10.35122.118
MinimumVisualStudioVersion = 10.0.40219.1
Project("{FAE04EC0-301F-11D3-BF4B-00C04F79EFBC}") = "ProductMicroservices", "ProductMicroservices\ProductMicroservices.csproj", "{98174BB1-0955-4268-9041-6D2A55636B90}"
EndProject
Global
	GlobalSection(SolutionConfigurationPlatforms) = preSolution
		Debug|Any CPU = Debug|Any CPU
		Release|Any CPU = Release|Any CPU
	EndGlobalSection
	GlobalSection(ProjectConfigurationPlatforms) = postSolution
		{98174BB1-0955-4268-9041-6D2A55636B90}.Debug|Any CPU.ActiveCfg = Debug|Any CPU
		{98174BB1-0955-4268-9041-6D2A55636B90}.Debug|Any CPU.Build.0 = Debug|Any CPU
		{98174BB1-0955-4268-9041-6D2A55636B90}.Release|Any CPU.ActiveCfg = Release|Any CPU
		{98174BB1-0955-4268-9041-6D2A55636B90}.Release|Any CPU.Build.0 = Release|Any CPU
	EndGlobalSection
	GlobalSection(SolutionProperties) = preSolution
		HideSolutionNode = FALSE
	EndGlobalSection
	GlobalSection(ExtensibilityGlobals) = postSolution
		SolutionGuid = {F818800A-27C8-47B3-BA19-1E154634BF8E}
	EndGlobalSection
EndGlobal
