
Microsoft Visual Studio Solution File, Format Version 12.00
# Visual Studio Version 17
VisualStudioVersion = 17.10.35122.118
MinimumVisualStudioVersion = 10.0.40219.1
Project("{FAE04EC0-301F-11D3-BF4B-00C04F79EFBC}") = "Retailgateway", "Retailgateway\Retailgateway.csproj", "{E8C256E2-7C97-42FE-B3E0-F673D1C7D6AD}"
EndProject
Global
	GlobalSection(SolutionConfigurationPlatforms) = preSolution
		Debug|Any CPU = Debug|Any CPU
		Release|Any CPU = Release|Any CPU
	EndGlobalSection
	GlobalSection(ProjectConfigurationPlatforms) = postSolution
		{E8C256E2-7C97-42FE-B3E0-F673D1C7D6AD}.Debug|Any CPU.ActiveCfg = Debug|Any CPU
		{E8C256E2-7C97-42FE-B3E0-F673D1C7D6AD}.Debug|Any CPU.Build.0 = Debug|Any CPU
		{E8C256E2-7C97-42FE-B3E0-F673D1C7D6AD}.Release|Any CPU.ActiveCfg = Release|Any CPU
		{E8C256E2-7C97-42FE-B3E0-F673D1C7D6AD}.Release|Any CPU.Build.0 = Release|Any CPU
	EndGlobalSection
	GlobalSection(SolutionProperties) = preSolution
		HideSolutionNode = FALSE
	EndGlobalSection
	GlobalSection(ExtensibilityGlobals) = postSolution
		SolutionGuid = {6081EB7B-EF90-4C89-B155-3B98D7C39365}
	EndGlobalSection
EndGlobal
